
Microsoft Visual Studio Solution File, Format Version 12.00
# Visual Studio Version 17
VisualStudioVersion = 17.6.33829.357
MinimumVisualStudioVersion = 10.0.40219.1
Project("{FAE04EC0-301F-11D3-BF4B-00C04F79EFBC}") = "TarotReading_Labb1", "TarotReading_Labb1\TarotReading_Labb1.csproj", "{B70A6267-0D53-49AE-8A02-FCE032773BF8}"
EndProject
Global
	GlobalSection(SolutionConfigurationPlatforms) = preSolution
		Debug|Any CPU = Debug|Any CPU
		Release|Any CPU = Release|Any CPU
	EndGlobalSection
	GlobalSection(ProjectConfigurationPlatforms) = postSolution
		{B70A6267-0D53-49AE-8A02-FCE032773BF8}.Debug|Any CPU.ActiveCfg = Debug|Any CPU
		{B70A6267-0D53-49AE-8A02-FCE032773BF8}.Debug|Any CPU.Build.0 = Debug|Any CPU
		{B70A6267-0D53-49AE-8A02-FCE032773BF8}.Release|Any CPU.ActiveCfg = Release|Any CPU
		{B70A6267-0D53-49AE-8A02-FCE032773BF8}.Release|Any CPU.Build.0 = Release|Any CPU
	EndGlobalSection
	GlobalSection(SolutionProperties) = preSolution
		HideSolutionNode = FALSE
	EndGlobalSection
	GlobalSection(ExtensibilityGlobals) = postSolution
		SolutionGuid = {5B59C897-E201-44DA-B47D-2AC71D674CD1}
	EndGlobalSection
EndGlobal
